
Microsoft Visual Studio Solution File, Format Version 12.00
# Visual Studio Version 17
VisualStudioVersion = 17.8.34511.84
MinimumVisualStudioVersion = 10.0.40219.1
Project("{FAE04EC0-301F-11D3-BF4B-00C04F79EFBC}") = "StudentPortal", "StudentPortal.csproj", "{06F646F7-B8D6-4BE1-92B0-0DE7F10F2EB9}"
EndProject
Global
	GlobalSection(SolutionConfigurationPlatforms) = preSolution
		Debug|Any CPU = Debug|Any CPU
		Release|Any CPU = Release|Any CPU
	EndGlobalSection
	GlobalSection(ProjectConfigurationPlatforms) = postSolution
		{06F646F7-B8D6-4BE1-92B0-0DE7F10F2EB9}.Debug|Any CPU.ActiveCfg = Debug|Any CPU
		{06F646F7-B8D6-4BE1-92B0-0DE7F10F2EB9}.Debug|Any CPU.Build.0 = Debug|Any CPU
		{06F646F7-B8D6-4BE1-92B0-0DE7F10F2EB9}.Release|Any CPU.ActiveCfg = Release|Any CPU
		{06F646F7-B8D6-4BE1-92B0-0DE7F10F2EB9}.Release|Any CPU.Build.0 = Release|Any CPU
	EndGlobalSection
	GlobalSection(SolutionProperties) = preSolution
		HideSolutionNode = FALSE
	EndGlobalSection
	GlobalSection(ExtensibilityGlobals) = postSolution
		SolutionGuid = {23F42C3C-CA82-466A-9987-CCEB205F6349}
	EndGlobalSection
EndGlobal
