
Microsoft Visual Studio Solution File, Format Version 12.00
# Visual Studio Version 17
VisualStudioVersion = 17.8.34511.84
MinimumVisualStudioVersion = 10.0.40219.1
Project("{9A19103F-16F7-4668-BE54-9A1E7A4F7556}") = "DZ#SimpleCode", "DZ#SimpleCode.csproj", "{7AF90EDA-636C-40ED-B8F3-C4F04C275126}"
EndProject
Project("{9A19103F-16F7-4668-BE54-9A1E7A4F7556}") = "HomeWork11", "..\HomeWork11\HomeWork11.csproj", "{7A5453EE-3116-4A72-807F-BECF061B0902}"
EndProject
Project("{9A19103F-16F7-4668-BE54-9A1E7A4F7556}") = "HomeWork10", "..\HomeWork10\HomeWork10.csproj", "{6355B310-3603-45B5-A0AE-6D5198232A47}"
EndProject
Project("{9A19103F-16F7-4668-BE54-9A1E7A4F7556}") = "HomeWork1", "..\HomeWork1\HomeWork1.csproj", "{52075AE0-D902-46D4-8742-638CFD65F588}"
EndProject
Project("{9A19103F-16F7-4668-BE54-9A1E7A4F7556}") = "HomeWork2", "..\HomeWork2\HomeWork2.csproj", "{A614CA03-763D-4BF1-BB00-9629EB019DAC}"
EndProject
Project("{9A19103F-16F7-4668-BE54-9A1E7A4F7556}") = "HomeWork3", "..\HomeWork3\HomeWork3.csproj", "{F992B2C7-D52B-4FF0-A6CD-05D23149E9DE}"
EndProject
Project("{9A19103F-16F7-4668-BE54-9A1E7A4F7556}") = "HomeWork4", "..\HomeWork4\HomeWork4.csproj", "{B3B79B29-A15D-4F16-82B7-71E438670884}"
EndProject
Project("{9A19103F-16F7-4668-BE54-9A1E7A4F7556}") = "HomeWork5", "..\HomeWork5\HomeWork5.csproj", "{0AE5B170-6B42-496F-ABA6-4B0FE89957A6}"
EndProject
Project("{9A19103F-16F7-4668-BE54-9A1E7A4F7556}") = "HomeWork6", "..\HomeWork6\HomeWork6.csproj", "{A8D02B0C-350C-406E-A3D8-C4A76D6FA076}"
EndProject
Project("{9A19103F-16F7-4668-BE54-9A1E7A4F7556}") = "HomeWork7", "..\HomeWork7\HomeWork7.csproj", "{CB343851-9130-4B33-873B-822BEAB6C435}"
EndProject
Project("{9A19103F-16F7-4668-BE54-9A1E7A4F7556}") = "HomeWork8", "..\HomeWork8\HomeWork8.csproj", "{D39A1248-1DCA-42AA-8DEE-00C7FD81F675}"
EndProject
Project("{9A19103F-16F7-4668-BE54-9A1E7A4F7556}") = "HomeWork9", "..\HomeWork9\HomeWork9.csproj", "{0C35F7BF-720A-4A8D-8EDC-09EFEF50F8BC}"
EndProject
Project("{9A19103F-16F7-4668-BE54-9A1E7A4F7556}") = "HomeWork12", "..\HomeWork12\HomeWork12.csproj", "{357CE1A2-3610-46BF-AFA1-B72C836A5F5F}"
EndProject
Project("{9A19103F-16F7-4668-BE54-9A1E7A4F7556}") = "HomeWork13", "..\HomeWork13\HomeWork13.csproj", "{9FE6D703-A3AF-4293-B917-37EE583F2ADE}"
EndProject
Project("{9A19103F-16F7-4668-BE54-9A1E7A4F7556}") = "HomeWork14", "..\HomeWork14\HomeWork14.csproj", "{74F40842-1D23-4FF4-AA6D-EBEFA8660BD5}"
EndProject
Project("{9A19103F-16F7-4668-BE54-9A1E7A4F7556}") = "HomeWork15", "..\HomeWork15\HomeWork15.csproj", "{67448775-8F73-4B6F-B03B-0D0F2F0682C7}"
EndProject
Project("{9A19103F-16F7-4668-BE54-9A1E7A4F7556}") = "HomeWork16", "..\HomeWork16\HomeWork16.csproj", "{662E38BD-F861-4344-862D-4E3BAB0DA350}"
EndProject
Project("{FAE04EC0-301F-11D3-BF4B-00C04F79EFBC}") = "HomeWork17", "..\HomeWork17\HomeWork17.csproj", "{17576659-1ABA-4C6A-8592-E3CA1814E527}"
EndProject
Project("{FAE04EC0-301F-11D3-BF4B-00C04F79EFBC}") = "HomeWork18", "..\HomeWork18\HomeWork18.csproj", "{D3E03FCE-0F90-400F-8301-9AD6103E38A1}"
EndProject
Project("{FAE04EC0-301F-11D3-BF4B-00C04F79EFBC}") = "HomeWork19", "..\HomeWork19\HomeWork19.csproj", "{46A8DEA6-E41D-428F-990B-18E26AC23789}"
EndProject
Global
	GlobalSection(SolutionConfigurationPlatforms) = preSolution
		Debug|Any CPU = Debug|Any CPU
		Release|Any CPU = Release|Any CPU
	EndGlobalSection
	GlobalSection(ProjectConfigurationPlatforms) = postSolution
		{7AF90EDA-636C-40ED-B8F3-C4F04C275126}.Debug|Any CPU.ActiveCfg = Debug|Any CPU
		{7AF90EDA-636C-40ED-B8F3-C4F04C275126}.Debug|Any CPU.Build.0 = Debug|Any CPU
		{7AF90EDA-636C-40ED-B8F3-C4F04C275126}.Release|Any CPU.ActiveCfg = Release|Any CPU
		{7AF90EDA-636C-40ED-B8F3-C4F04C275126}.Release|Any CPU.Build.0 = Release|Any CPU
		{7A5453EE-3116-4A72-807F-BECF061B0902}.Debug|Any CPU.ActiveCfg = Debug|Any CPU
		{7A5453EE-3116-4A72-807F-BECF061B0902}.Debug|Any CPU.Build.0 = Debug|Any CPU
		{7A5453EE-3116-4A72-807F-BECF061B0902}.Release|Any CPU.ActiveCfg = Release|Any CPU
		{7A5453EE-3116-4A72-807F-BECF061B0902}.Release|Any CPU.Build.0 = Release|Any CPU
		{6355B310-3603-45B5-A0AE-6D5198232A47}.Debug|Any CPU.ActiveCfg = Debug|Any CPU
		{6355B310-3603-45B5-A0AE-6D5198232A47}.Debug|Any CPU.Build.0 = Debug|Any CPU
		{6355B310-3603-45B5-A0AE-6D5198232A47}.Release|Any CPU.ActiveCfg = Release|Any CPU
		{6355B310-3603-45B5-A0AE-6D5198232A47}.Release|Any CPU.Build.0 = Release|Any CPU
		{52075AE0-D902-46D4-8742-638CFD65F588}.Debug|Any CPU.ActiveCfg = Debug|Any CPU
		{52075AE0-D902-46D4-8742-638CFD65F588}.Debug|Any CPU.Build.0 = Debug|Any CPU
		{52075AE0-D902-46D4-8742-638CFD65F588}.Release|Any CPU.ActiveCfg = Release|Any CPU
		{52075AE0-D902-46D4-8742-638CFD65F588}.Release|Any CPU.Build.0 = Release|Any CPU
		{A614CA03-763D-4BF1-BB00-9629EB019DAC}.Debug|Any CPU.ActiveCfg = Debug|Any CPU
		{A614CA03-763D-4BF1-BB00-9629EB019DAC}.Debug|Any CPU.Build.0 = Debug|Any CPU
		{A614CA03-763D-4BF1-BB00-9629EB019DAC}.Release|Any CPU.ActiveCfg = Release|Any CPU
		{A614CA03-763D-4BF1-BB00-9629EB019DAC}.Release|Any CPU.Build.0 = Release|Any CPU
		{F992B2C7-D52B-4FF0-A6CD-05D23149E9DE}.Debug|Any CPU.ActiveCfg = Debug|Any CPU
		{F992B2C7-D52B-4FF0-A6CD-05D23149E9DE}.Debug|Any CPU.Build.0 = Debug|Any CPU
		{F992B2C7-D52B-4FF0-A6CD-05D23149E9DE}.Release|Any CPU.ActiveCfg = Release|Any CPU
		{F992B2C7-D52B-4FF0-A6CD-05D23149E9DE}.Release|Any CPU.Build.0 = Release|Any CPU
		{B3B79B29-A15D-4F16-82B7-71E438670884}.Debug|Any CPU.ActiveCfg = Debug|Any CPU
		{B3B79B29-A15D-4F16-82B7-71E438670884}.Debug|Any CPU.Build.0 = Debug|Any CPU
		{B3B79B29-A15D-4F16-82B7-71E438670884}.Release|Any CPU.ActiveCfg = Release|Any CPU
		{B3B79B29-A15D-4F16-82B7-71E438670884}.Release|Any CPU.Build.0 = Release|Any CPU
		{0AE5B170-6B42-496F-ABA6-4B0FE89957A6}.Debug|Any CPU.ActiveCfg = Debug|Any CPU
		{0AE5B170-6B42-496F-ABA6-4B0FE89957A6}.Debug|Any CPU.Build.0 = Debug|Any CPU
		{0AE5B170-6B42-496F-ABA6-4B0FE89957A6}.Release|Any CPU.ActiveCfg = Release|Any CPU
		{0AE5B170-6B42-496F-ABA6-4B0FE89957A6}.Release|Any CPU.Build.0 = Release|Any CPU
		{A8D02B0C-350C-406E-A3D8-C4A76D6FA076}.Debug|Any CPU.ActiveCfg = Debug|Any CPU
		{A8D02B0C-350C-406E-A3D8-C4A76D6FA076}.Debug|Any CPU.Build.0 = Debug|Any CPU
		{A8D02B0C-350C-406E-A3D8-C4A76D6FA076}.Release|Any CPU.ActiveCfg = Release|Any CPU
		{A8D02B0C-350C-406E-A3D8-C4A76D6FA076}.Release|Any CPU.Build.0 = Release|Any CPU
		{CB343851-9130-4B33-873B-822BEAB6C435}.Debug|Any CPU.ActiveCfg = Debug|Any CPU
		{CB343851-9130-4B33-873B-822BEAB6C435}.Debug|Any CPU.Build.0 = Debug|Any CPU
		{CB343851-9130-4B33-873B-822BEAB6C435}.Release|Any CPU.ActiveCfg = Release|Any CPU
		{CB343851-9130-4B33-873B-822BEAB6C435}.Release|Any CPU.Build.0 = Release|Any CPU
		{D39A1248-1DCA-42AA-8DEE-00C7FD81F675}.Debug|Any CPU.ActiveCfg = Debug|Any CPU
		{D39A1248-1DCA-42AA-8DEE-00C7FD81F675}.Debug|Any CPU.Build.0 = Debug|Any CPU
		{D39A1248-1DCA-42AA-8DEE-00C7FD81F675}.Release|Any CPU.ActiveCfg = Release|Any CPU
		{D39A1248-1DCA-42AA-8DEE-00C7FD81F675}.Release|Any CPU.Build.0 = Release|Any CPU
		{0C35F7BF-720A-4A8D-8EDC-09EFEF50F8BC}.Debug|Any CPU.ActiveCfg = Debug|Any CPU
		{0C35F7BF-720A-4A8D-8EDC-09EFEF50F8BC}.Debug|Any CPU.Build.0 = Debug|Any CPU
		{0C35F7BF-720A-4A8D-8EDC-09EFEF50F8BC}.Release|Any CPU.ActiveCfg = Release|Any CPU
		{0C35F7BF-720A-4A8D-8EDC-09EFEF50F8BC}.Release|Any CPU.Build.0 = Release|Any CPU
		{357CE1A2-3610-46BF-AFA1-B72C836A5F5F}.Debug|Any CPU.ActiveCfg = Debug|Any CPU
		{357CE1A2-3610-46BF-AFA1-B72C836A5F5F}.Debug|Any CPU.Build.0 = Debug|Any CPU
		{357CE1A2-3610-46BF-AFA1-B72C836A5F5F}.Release|Any CPU.ActiveCfg = Release|Any CPU
		{357CE1A2-3610-46BF-AFA1-B72C836A5F5F}.Release|Any CPU.Build.0 = Release|Any CPU
		{9FE6D703-A3AF-4293-B917-37EE583F2ADE}.Debug|Any CPU.ActiveCfg = Debug|Any CPU
		{9FE6D703-A3AF-4293-B917-37EE583F2ADE}.Debug|Any CPU.Build.0 = Debug|Any CPU
		{9FE6D703-A3AF-4293-B917-37EE583F2ADE}.Release|Any CPU.ActiveCfg = Release|Any CPU
		{9FE6D703-A3AF-4293-B917-37EE583F2ADE}.Release|Any CPU.Build.0 = Release|Any CPU
		{74F40842-1D23-4FF4-AA6D-EBEFA8660BD5}.Debug|Any CPU.ActiveCfg = Debug|Any CPU
		{74F40842-1D23-4FF4-AA6D-EBEFA8660BD5}.Debug|Any CPU.Build.0 = Debug|Any CPU
		{74F40842-1D23-4FF4-AA6D-EBEFA8660BD5}.Release|Any CPU.ActiveCfg = Release|Any CPU
		{74F40842-1D23-4FF4-AA6D-EBEFA8660BD5}.Release|Any CPU.Build.0 = Release|Any CPU
		{67448775-8F73-4B6F-B03B-0D0F2F0682C7}.Debug|Any CPU.ActiveCfg = Debug|Any CPU
		{67448775-8F73-4B6F-B03B-0D0F2F0682C7}.Debug|Any CPU.Build.0 = Debug|Any CPU
		{67448775-8F73-4B6F-B03B-0D0F2F0682C7}.Release|Any CPU.ActiveCfg = Release|Any CPU
		{67448775-8F73-4B6F-B03B-0D0F2F0682C7}.Release|Any CPU.Build.0 = Release|Any CPU
		{662E38BD-F861-4344-862D-4E3BAB0DA350}.Debug|Any CPU.ActiveCfg = Debug|Any CPU
		{662E38BD-F861-4344-862D-4E3BAB0DA350}.Debug|Any CPU.Build.0 = Debug|Any CPU
		{662E38BD-F861-4344-862D-4E3BAB0DA350}.Release|Any CPU.ActiveCfg = Release|Any CPU
		{662E38BD-F861-4344-862D-4E3BAB0DA350}.Release|Any CPU.Build.0 = Release|Any CPU
		{17576659-1ABA-4C6A-8592-E3CA1814E527}.Debug|Any CPU.ActiveCfg = Debug|Any CPU
		{17576659-1ABA-4C6A-8592-E3CA1814E527}.Debug|Any CPU.Build.0 = Debug|Any CPU
		{17576659-1ABA-4C6A-8592-E3CA1814E527}.Release|Any CPU.ActiveCfg = Release|Any CPU
		{17576659-1ABA-4C6A-8592-E3CA1814E527}.Release|Any CPU.Build.0 = Release|Any CPU
		{D3E03FCE-0F90-400F-8301-9AD6103E38A1}.Debug|Any CPU.ActiveCfg = Debug|Any CPU
		{D3E03FCE-0F90-400F-8301-9AD6103E38A1}.Debug|Any CPU.Build.0 = Debug|Any CPU
		{D3E03FCE-0F90-400F-8301-9AD6103E38A1}.Release|Any CPU.ActiveCfg = Release|Any CPU
		{D3E03FCE-0F90-400F-8301-9AD6103E38A1}.Release|Any CPU.Build.0 = Release|Any CPU
		{46A8DEA6-E41D-428F-990B-18E26AC23789}.Debug|Any CPU.ActiveCfg = Debug|Any CPU
		{46A8DEA6-E41D-428F-990B-18E26AC23789}.Debug|Any CPU.Build.0 = Debug|Any CPU
		{46A8DEA6-E41D-428F-990B-18E26AC23789}.Release|Any CPU.ActiveCfg = Release|Any CPU
		{46A8DEA6-E41D-428F-990B-18E26AC23789}.Release|Any CPU.Build.0 = Release|Any CPU
	EndGlobalSection
	GlobalSection(SolutionProperties) = preSolution
		HideSolutionNode = FALSE
	EndGlobalSection
	GlobalSection(ExtensibilityGlobals) = postSolution
		SolutionGuid = {F04FF6E6-AB99-4B1A-A981-5E6733E6FA38}
	EndGlobalSection
EndGlobal
