
Microsoft Visual Studio Solution File, Format Version 12.00
# Visual Studio Version 17
VisualStudioVersion = 17.8.34511.84
MinimumVisualStudioVersion = 10.0.40219.1
Project("{FAE04EC0-301F-11D3-BF4B-00C04F79EFBC}") = "WebApplication1", "WebApplication1\WebApplication1.csproj", "{AB40893C-3C94-4975-8949-56AAC5BABC84}"
EndProject
Global
	GlobalSection(SolutionConfigurationPlatforms) = preSolution
		Debug|Any CPU = Debug|Any CPU
		Release|Any CPU = Release|Any CPU
	EndGlobalSection
	GlobalSection(ProjectConfigurationPlatforms) = postSolution
		{AB40893C-3C94-4975-8949-56AAC5BABC84}.Debug|Any CPU.ActiveCfg = Debug|Any CPU
		{AB40893C-3C94-4975-8949-56AAC5BABC84}.Debug|Any CPU.Build.0 = Debug|Any CPU
		{AB40893C-3C94-4975-8949-56AAC5BABC84}.Release|Any CPU.ActiveCfg = Release|Any CPU
		{AB40893C-3C94-4975-8949-56AAC5BABC84}.Release|Any CPU.Build.0 = Release|Any CPU
	EndGlobalSection
	GlobalSection(SolutionProperties) = preSolution
		HideSolutionNode = FALSE
	EndGlobalSection
	GlobalSection(ExtensibilityGlobals) = postSolution
		SolutionGuid = {4C05DAEB-1EFB-4F49-89DB-F4AFB2844575}
	EndGlobalSection
EndGlobal
